{
  "meteor": {},
  "dependencies": {
    "basePackages": {
      "iron-router": {},
      "upload-avatar": {}
    },
    "packages": {
      "iron-router": {
        "git": "https://github.com/EventedMind/iron-router.git",
        "tag": "v0.7.0",
        "commit": "05f34bc48c4cad9fdaa366c1ddcabe6980232ece"
      },
      "upload-avatar": {
        "git": "https://github.com/particle4dev/upload-avatar-meteor.git",
        "tag": "v0.1.0",
        "commit": "b6148a2bb383a6739097ed3e42ead7392ac2b6e8"
      },
      "blaze-layout": {
        "git": "https://github.com/EventedMind/blaze-layout.git",
        "tag": "v0.2.2",
        "commit": "8bc53798fe5965669ae67c72f91829fcfdceabfd"
      }
    }
  }
}
